
Microsoft Visual Studio Solution File, Format Version 12.00
# Visual Studio Version 17
VisualStudioVersion = 17.3.32804.467
MinimumVisualStudioVersion = 10.0.40219.1
Project("{9A19103F-16F7-4668-BE54-9A1E7A4F7556}") = "WorkoutGlobal.CourseService.Api", "WorkoutGlobal.CourseService.Api\WorkoutGlobal.CourseService.Api.csproj", "{2D5F085C-886E-4AEA-ACDC-6DDE1A83FC56}"
EndProject
Project("{9A19103F-16F7-4668-BE54-9A1E7A4F7556}") = "WorkoutGlobal.CourseService.UnitTests", "WorkoutGlobal.CourseService.UnitTests\WorkoutGlobal.CourseService.UnitTests.csproj", "{0CDBD1FF-19CA-44E7-8D95-C366CFD79A38}"
EndProject
Project("{9A19103F-16F7-4668-BE54-9A1E7A4F7556}") = "WorkoutGlobal.CourseService.IntegrationTests", "WorkoutGlobal.CourseService.IntegrationTests\WorkoutGlobal.CourseService.IntegrationTests.csproj", "{46E04364-742E-4DF7-A10C-9F402A9DA936}"
EndProject
Project("{9A19103F-16F7-4668-BE54-9A1E7A4F7556}") = "WorkoutGlobal.Shared.Messages", "..\..\Shared messages\WorkoutGlobal.Shared\WorkoutGlobal.Shared.Messages\WorkoutGlobal.Shared.Messages.csproj", "{13498081-36D2-4E28-A7E1-137C031A5CCF}"
EndProject
Global
	GlobalSection(SolutionConfigurationPlatforms) = preSolution
		Debug|Any CPU = Debug|Any CPU
		Release|Any CPU = Release|Any CPU
	EndGlobalSection
	GlobalSection(ProjectConfigurationPlatforms) = postSolution
		{2D5F085C-886E-4AEA-ACDC-6DDE1A83FC56}.Debug|Any CPU.ActiveCfg = Debug|Any CPU
		{2D5F085C-886E-4AEA-ACDC-6DDE1A83FC56}.Debug|Any CPU.Build.0 = Debug|Any CPU
		{2D5F085C-886E-4AEA-ACDC-6DDE1A83FC56}.Release|Any CPU.ActiveCfg = Release|Any CPU
		{2D5F085C-886E-4AEA-ACDC-6DDE1A83FC56}.Release|Any CPU.Build.0 = Release|Any CPU
		{0CDBD1FF-19CA-44E7-8D95-C366CFD79A38}.Debug|Any CPU.ActiveCfg = Debug|Any CPU
		{0CDBD1FF-19CA-44E7-8D95-C366CFD79A38}.Debug|Any CPU.Build.0 = Debug|Any CPU
		{0CDBD1FF-19CA-44E7-8D95-C366CFD79A38}.Release|Any CPU.ActiveCfg = Release|Any CPU
		{0CDBD1FF-19CA-44E7-8D95-C366CFD79A38}.Release|Any CPU.Build.0 = Release|Any CPU
		{46E04364-742E-4DF7-A10C-9F402A9DA936}.Debug|Any CPU.ActiveCfg = Debug|Any CPU
		{46E04364-742E-4DF7-A10C-9F402A9DA936}.Debug|Any CPU.Build.0 = Debug|Any CPU
		{46E04364-742E-4DF7-A10C-9F402A9DA936}.Release|Any CPU.ActiveCfg = Release|Any CPU
		{46E04364-742E-4DF7-A10C-9F402A9DA936}.Release|Any CPU.Build.0 = Release|Any CPU
		{13498081-36D2-4E28-A7E1-137C031A5CCF}.Debug|Any CPU.ActiveCfg = Debug|Any CPU
		{13498081-36D2-4E28-A7E1-137C031A5CCF}.Debug|Any CPU.Build.0 = Debug|Any CPU
		{13498081-36D2-4E28-A7E1-137C031A5CCF}.Release|Any CPU.ActiveCfg = Release|Any CPU
		{13498081-36D2-4E28-A7E1-137C031A5CCF}.Release|Any CPU.Build.0 = Release|Any CPU
	EndGlobalSection
	GlobalSection(SolutionProperties) = preSolution
		HideSolutionNode = FALSE
	EndGlobalSection
	GlobalSection(ExtensibilityGlobals) = postSolution
		SolutionGuid = {27DABF40-EE56-423A-90AB-F51385850C06}
	EndGlobalSection
EndGlobal
